
Microsoft Visual Studio Solution File, Format Version 12.00
# Visual Studio 15
VisualStudioVersion = 15.0.27703.2000
MinimumVisualStudioVersion = 10.0.40219.1
Project("{FAE04EC0-301F-11D3-BF4B-00C04F79EFBC}") = "Template", "Forms\Template.csproj", "{248F6567-7A8E-45F9-957A-B21E22DED3BF}"
EndProject
Project("{FAE04EC0-301F-11D3-BF4B-00C04F79EFBC}") = "Template.iOS", "iOS\Template.iOS.csproj", "{BAC06BBF-DB3A-4936-A919-7F5738CB25DA}"
EndProject
Project("{FAE04EC0-301F-11D3-BF4B-00C04F79EFBC}") = "Template.Droid", "Droid\Template.Droid.csproj", "{742F3B21-A68C-489A-A3AD-99CD6474DAE8}"
EndProject
Global
	GlobalSection(SolutionConfigurationPlatforms) = preSolution
		Ad-Hoc|Any CPU = Ad-Hoc|Any CPU
		Ad-Hoc|ARM = Ad-Hoc|ARM
		Ad-Hoc|iPhone = Ad-Hoc|iPhone
		Ad-Hoc|iPhoneSimulator = Ad-Hoc|iPhoneSimulator
		Ad-Hoc|x64 = Ad-Hoc|x64
		Ad-Hoc|x86 = Ad-Hoc|x86
		AppStore|Any CPU = AppStore|Any CPU
		AppStore|ARM = AppStore|ARM
		AppStore|iPhone = AppStore|iPhone
		AppStore|iPhoneSimulator = AppStore|iPhoneSimulator
		AppStore|x64 = AppStore|x64
		AppStore|x86 = AppStore|x86
		Debug|Any CPU = Debug|Any CPU
		Debug|ARM = Debug|ARM
		Debug|iPhone = Debug|iPhone
		Debug|iPhoneSimulator = Debug|iPhoneSimulator
		Debug|x64 = Debug|x64
		Debug|x86 = Debug|x86
		Release|Any CPU = Release|Any CPU
		Release|ARM = Release|ARM
		Release|iPhone = Release|iPhone
		Release|iPhoneSimulator = Release|iPhoneSimulator
		Release|x64 = Release|x64
		Release|x86 = Release|x86
	EndGlobalSection
	GlobalSection(ProjectConfigurationPlatforms) = postSolution
		{248F6567-7A8E-45F9-957A-B21E22DED3BF}.Ad-Hoc|Any CPU.ActiveCfg = Debug|Any CPU
		{248F6567-7A8E-45F9-957A-B21E22DED3BF}.Ad-Hoc|Any CPU.Build.0 = Debug|Any CPU
		{248F6567-7A8E-45F9-957A-B21E22DED3BF}.Ad-Hoc|ARM.ActiveCfg = Debug|Any CPU
		{248F6567-7A8E-45F9-957A-B21E22DED3BF}.Ad-Hoc|ARM.Build.0 = Debug|Any CPU
		{248F6567-7A8E-45F9-957A-B21E22DED3BF}.Ad-Hoc|iPhone.ActiveCfg = Debug|Any CPU
		{248F6567-7A8E-45F9-957A-B21E22DED3BF}.Ad-Hoc|iPhone.Build.0 = Debug|Any CPU
		{248F6567-7A8E-45F9-957A-B21E22DED3BF}.Ad-Hoc|iPhoneSimulator.ActiveCfg = Debug|Any CPU
		{248F6567-7A8E-45F9-957A-B21E22DED3BF}.Ad-Hoc|iPhoneSimulator.Build.0 = Debug|Any CPU
		{248F6567-7A8E-45F9-957A-B21E22DED3BF}.Ad-Hoc|x64.ActiveCfg = Debug|Any CPU
		{248F6567-7A8E-45F9-957A-B21E22DED3BF}.Ad-Hoc|x64.Build.0 = Debug|Any CPU
		{248F6567-7A8E-45F9-957A-B21E22DED3BF}.Ad-Hoc|x86.ActiveCfg = Debug|Any CPU
		{248F6567-7A8E-45F9-957A-B21E22DED3BF}.Ad-Hoc|x86.Build.0 = Debug|Any CPU
		{248F6567-7A8E-45F9-957A-B21E22DED3BF}.AppStore|Any CPU.ActiveCfg = Debug|Any CPU
		{248F6567-7A8E-45F9-957A-B21E22DED3BF}.AppStore|Any CPU.Build.0 = Debug|Any CPU
		{248F6567-7A8E-45F9-957A-B21E22DED3BF}.AppStore|ARM.ActiveCfg = Debug|Any CPU
		{248F6567-7A8E-45F9-957A-B21E22DED3BF}.AppStore|ARM.Build.0 = Debug|Any CPU
		{248F6567-7A8E-45F9-957A-B21E22DED3BF}.AppStore|iPhone.ActiveCfg = Debug|Any CPU
		{248F6567-7A8E-45F9-957A-B21E22DED3BF}.AppStore|iPhone.Build.0 = Debug|Any CPU
		{248F6567-7A8E-45F9-957A-B21E22DED3BF}.AppStore|iPhoneSimulator.ActiveCfg = Debug|Any CPU
		{248F6567-7A8E-45F9-957A-B21E22DED3BF}.AppStore|iPhoneSimulator.Build.0 = Debug|Any CPU
		{248F6567-7A8E-45F9-957A-B21E22DED3BF}.AppStore|x64.ActiveCfg = Debug|Any CPU
		{248F6567-7A8E-45F9-957A-B21E22DED3BF}.AppStore|x64.Build.0 = Debug|Any CPU
		{248F6567-7A8E-45F9-957A-B21E22DED3BF}.AppStore|x86.ActiveCfg = Debug|Any CPU
		{248F6567-7A8E-45F9-957A-B21E22DED3BF}.AppStore|x86.Build.0 = Debug|Any CPU
		{248F6567-7A8E-45F9-957A-B21E22DED3BF}.Debug|Any CPU.ActiveCfg = Debug|Any CPU
		{248F6567-7A8E-45F9-957A-B21E22DED3BF}.Debug|Any CPU.Build.0 = Debug|Any CPU
		{248F6567-7A8E-45F9-957A-B21E22DED3BF}.Debug|ARM.ActiveCfg = Debug|Any CPU
		{248F6567-7A8E-45F9-957A-B21E22DED3BF}.Debug|ARM.Build.0 = Debug|Any CPU
		{248F6567-7A8E-45F9-957A-B21E22DED3BF}.Debug|iPhone.ActiveCfg = Debug|Any CPU
		{248F6567-7A8E-45F9-957A-B21E22DED3BF}.Debug|iPhone.Build.0 = Debug|Any CPU
		{248F6567-7A8E-45F9-957A-B21E22DED3BF}.Debug|iPhoneSimulator.ActiveCfg = Debug|Any CPU
		{248F6567-7A8E-45F9-957A-B21E22DED3BF}.Debug|iPhoneSimulator.Build.0 = Debug|Any CPU
		{248F6567-7A8E-45F9-957A-B21E22DED3BF}.Debug|x64.ActiveCfg = Debug|Any CPU
		{248F6567-7A8E-45F9-957A-B21E22DED3BF}.Debug|x64.Build.0 = Debug|Any CPU
		{248F6567-7A8E-45F9-957A-B21E22DED3BF}.Debug|x86.ActiveCfg = Debug|Any CPU
		{248F6567-7A8E-45F9-957A-B21E22DED3BF}.Debug|x86.Build.0 = Debug|Any CPU
		{248F6567-7A8E-45F9-957A-B21E22DED3BF}.Release|Any CPU.ActiveCfg = Release|Any CPU
		{248F6567-7A8E-45F9-957A-B21E22DED3BF}.Release|Any CPU.Build.0 = Release|Any CPU
		{248F6567-7A8E-45F9-957A-B21E22DED3BF}.Release|ARM.ActiveCfg = Release|Any CPU
		{248F6567-7A8E-45F9-957A-B21E22DED3BF}.Release|ARM.Build.0 = Release|Any CPU
		{248F6567-7A8E-45F9-957A-B21E22DED3BF}.Release|iPhone.ActiveCfg = Release|Any CPU
		{248F6567-7A8E-45F9-957A-B21E22DED3BF}.Release|iPhone.Build.0 = Release|Any CPU
		{248F6567-7A8E-45F9-957A-B21E22DED3BF}.Release|iPhoneSimulator.ActiveCfg = Release|Any CPU
		{248F6567-7A8E-45F9-957A-B21E22DED3BF}.Release|iPhoneSimulator.Build.0 = Release|Any CPU
		{248F6567-7A8E-45F9-957A-B21E22DED3BF}.Release|x64.ActiveCfg = Release|Any CPU
		{248F6567-7A8E-45F9-957A-B21E22DED3BF}.Release|x64.Build.0 = Release|Any CPU
		{248F6567-7A8E-45F9-957A-B21E22DED3BF}.Release|x86.ActiveCfg = Release|Any CPU
		{248F6567-7A8E-45F9-957A-B21E22DED3BF}.Release|x86.Build.0 = Release|Any CPU
		{BAC06BBF-DB3A-4936-A919-7F5738CB25DA}.Ad-Hoc|Any CPU.ActiveCfg = Ad-Hoc|iPhone
		{BAC06BBF-DB3A-4936-A919-7F5738CB25DA}.Ad-Hoc|Any CPU.Build.0 = Ad-Hoc|iPhone
		{BAC06BBF-DB3A-4936-A919-7F5738CB25DA}.Ad-Hoc|ARM.ActiveCfg = Ad-Hoc|iPhone
		{BAC06BBF-DB3A-4936-A919-7F5738CB25DA}.Ad-Hoc|ARM.Build.0 = Ad-Hoc|iPhone
		{BAC06BBF-DB3A-4936-A919-7F5738CB25DA}.Ad-Hoc|iPhone.ActiveCfg = Ad-Hoc|iPhone
		{BAC06BBF-DB3A-4936-A919-7F5738CB25DA}.Ad-Hoc|iPhone.Build.0 = Ad-Hoc|iPhone
		{BAC06BBF-DB3A-4936-A919-7F5738CB25DA}.Ad-Hoc|iPhoneSimulator.ActiveCfg = Ad-Hoc|iPhone
		{BAC06BBF-DB3A-4936-A919-7F5738CB25DA}.Ad-Hoc|iPhoneSimulator.Build.0 = Ad-Hoc|iPhone
		{BAC06BBF-DB3A-4936-A919-7F5738CB25DA}.Ad-Hoc|x64.ActiveCfg = Ad-Hoc|iPhone
		{BAC06BBF-DB3A-4936-A919-7F5738CB25DA}.Ad-Hoc|x64.Build.0 = Ad-Hoc|iPhone
		{BAC06BBF-DB3A-4936-A919-7F5738CB25DA}.Ad-Hoc|x86.ActiveCfg = Ad-Hoc|iPhone
		{BAC06BBF-DB3A-4936-A919-7F5738CB25DA}.Ad-Hoc|x86.Build.0 = Ad-Hoc|iPhone
		{BAC06BBF-DB3A-4936-A919-7F5738CB25DA}.AppStore|Any CPU.ActiveCfg = AppStore|iPhone
		{BAC06BBF-DB3A-4936-A919-7F5738CB25DA}.AppStore|Any CPU.Build.0 = AppStore|iPhone
		{BAC06BBF-DB3A-4936-A919-7F5738CB25DA}.AppStore|ARM.ActiveCfg = AppStore|iPhone
		{BAC06BBF-DB3A-4936-A919-7F5738CB25DA}.AppStore|ARM.Build.0 = AppStore|iPhone
		{BAC06BBF-DB3A-4936-A919-7F5738CB25DA}.AppStore|iPhone.ActiveCfg = AppStore|iPhone
		{BAC06BBF-DB3A-4936-A919-7F5738CB25DA}.AppStore|iPhone.Build.0 = AppStore|iPhone
		{BAC06BBF-DB3A-4936-A919-7F5738CB25DA}.AppStore|iPhoneSimulator.ActiveCfg = AppStore|iPhone
		{BAC06BBF-DB3A-4936-A919-7F5738CB25DA}.AppStore|iPhoneSimulator.Build.0 = AppStore|iPhone
		{BAC06BBF-DB3A-4936-A919-7F5738CB25DA}.AppStore|x64.ActiveCfg = AppStore|iPhone
		{BAC06BBF-DB3A-4936-A919-7F5738CB25DA}.AppStore|x64.Build.0 = AppStore|iPhone
		{BAC06BBF-DB3A-4936-A919-7F5738CB25DA}.AppStore|x86.ActiveCfg = AppStore|iPhone
		{BAC06BBF-DB3A-4936-A919-7F5738CB25DA}.AppStore|x86.Build.0 = AppStore|iPhone
		{BAC06BBF-DB3A-4936-A919-7F5738CB25DA}.Debug|Any CPU.ActiveCfg = Debug|iPhoneSimulator
		{BAC06BBF-DB3A-4936-A919-7F5738CB25DA}.Debug|Any CPU.Build.0 = Debug|iPhoneSimulator
		{BAC06BBF-DB3A-4936-A919-7F5738CB25DA}.Debug|ARM.ActiveCfg = Debug|iPhoneSimulator
		{BAC06BBF-DB3A-4936-A919-7F5738CB25DA}.Debug|ARM.Build.0 = Debug|iPhoneSimulator
		{BAC06BBF-DB3A-4936-A919-7F5738CB25DA}.Debug|iPhone.ActiveCfg = Debug|iPhone
		{BAC06BBF-DB3A-4936-A919-7F5738CB25DA}.Debug|iPhone.Build.0 = Debug|iPhone
		{BAC06BBF-DB3A-4936-A919-7F5738CB25DA}.Debug|iPhoneSimulator.ActiveCfg = Debug|iPhoneSimulator
		{BAC06BBF-DB3A-4936-A919-7F5738CB25DA}.Debug|iPhoneSimulator.Build.0 = Debug|iPhoneSimulator
		{BAC06BBF-DB3A-4936-A919-7F5738CB25DA}.Debug|x64.ActiveCfg = Debug|iPhoneSimulator
		{BAC06BBF-DB3A-4936-A919-7F5738CB25DA}.Debug|x64.Build.0 = Debug|iPhoneSimulator
		{BAC06BBF-DB3A-4936-A919-7F5738CB25DA}.Debug|x86.ActiveCfg = Debug|iPhoneSimulator
		{BAC06BBF-DB3A-4936-A919-7F5738CB25DA}.Debug|x86.Build.0 = Debug|iPhoneSimulator
		{BAC06BBF-DB3A-4936-A919-7F5738CB25DA}.Release|Any CPU.ActiveCfg = Release|iPhoneSimulator
		{BAC06BBF-DB3A-4936-A919-7F5738CB25DA}.Release|Any CPU.Build.0 = Release|iPhoneSimulator
		{BAC06BBF-DB3A-4936-A919-7F5738CB25DA}.Release|ARM.ActiveCfg = Release|iPhoneSimulator
		{BAC06BBF-DB3A-4936-A919-7F5738CB25DA}.Release|ARM.Build.0 = Release|iPhoneSimulator
		{BAC06BBF-DB3A-4936-A919-7F5738CB25DA}.Release|iPhone.ActiveCfg = Release|iPhone
		{BAC06BBF-DB3A-4936-A919-7F5738CB25DA}.Release|iPhone.Build.0 = Release|iPhone
		{BAC06BBF-DB3A-4936-A919-7F5738CB25DA}.Release|iPhoneSimulator.ActiveCfg = Release|iPhoneSimulator
		{BAC06BBF-DB3A-4936-A919-7F5738CB25DA}.Release|iPhoneSimulator.Build.0 = Release|iPhoneSimulator
		{BAC06BBF-DB3A-4936-A919-7F5738CB25DA}.Release|x64.ActiveCfg = Release|iPhoneSimulator
		{BAC06BBF-DB3A-4936-A919-7F5738CB25DA}.Release|x64.Build.0 = Release|iPhoneSimulator
		{BAC06BBF-DB3A-4936-A919-7F5738CB25DA}.Release|x86.ActiveCfg = Release|iPhoneSimulator
		{BAC06BBF-DB3A-4936-A919-7F5738CB25DA}.Release|x86.Build.0 = Release|iPhoneSimulator
		{742F3B21-A68C-489A-A3AD-99CD6474DAE8}.Ad-Hoc|Any CPU.ActiveCfg = Debug|Any CPU
		{742F3B21-A68C-489A-A3AD-99CD6474DAE8}.Ad-Hoc|Any CPU.Build.0 = Debug|Any CPU
		{742F3B21-A68C-489A-A3AD-99CD6474DAE8}.Ad-Hoc|ARM.ActiveCfg = Debug|Any CPU
		{742F3B21-A68C-489A-A3AD-99CD6474DAE8}.Ad-Hoc|ARM.Build.0 = Debug|Any CPU
		{742F3B21-A68C-489A-A3AD-99CD6474DAE8}.Ad-Hoc|iPhone.ActiveCfg = Debug|Any CPU
		{742F3B21-A68C-489A-A3AD-99CD6474DAE8}.Ad-Hoc|iPhone.Build.0 = Debug|Any CPU
		{742F3B21-A68C-489A-A3AD-99CD6474DAE8}.Ad-Hoc|iPhoneSimulator.ActiveCfg = Debug|Any CPU
		{742F3B21-A68C-489A-A3AD-99CD6474DAE8}.Ad-Hoc|iPhoneSimulator.Build.0 = Debug|Any CPU
		{742F3B21-A68C-489A-A3AD-99CD6474DAE8}.Ad-Hoc|x64.ActiveCfg = Debug|Any CPU
		{742F3B21-A68C-489A-A3AD-99CD6474DAE8}.Ad-Hoc|x64.Build.0 = Debug|Any CPU
		{742F3B21-A68C-489A-A3AD-99CD6474DAE8}.Ad-Hoc|x86.ActiveCfg = Debug|Any CPU
		{742F3B21-A68C-489A-A3AD-99CD6474DAE8}.Ad-Hoc|x86.Build.0 = Debug|Any CPU
		{742F3B21-A68C-489A-A3AD-99CD6474DAE8}.AppStore|Any CPU.ActiveCfg = Debug|Any CPU
		{742F3B21-A68C-489A-A3AD-99CD6474DAE8}.AppStore|Any CPU.Build.0 = Debug|Any CPU
		{742F3B21-A68C-489A-A3AD-99CD6474DAE8}.AppStore|ARM.ActiveCfg = Debug|Any CPU
		{742F3B21-A68C-489A-A3AD-99CD6474DAE8}.AppStore|ARM.Build.0 = Debug|Any CPU
		{742F3B21-A68C-489A-A3AD-99CD6474DAE8}.AppStore|iPhone.ActiveCfg = Debug|Any CPU
		{742F3B21-A68C-489A-A3AD-99CD6474DAE8}.AppStore|iPhone.Build.0 = Debug|Any CPU
		{742F3B21-A68C-489A-A3AD-99CD6474DAE8}.AppStore|iPhoneSimulator.ActiveCfg = Debug|Any CPU
		{742F3B21-A68C-489A-A3AD-99CD6474DAE8}.AppStore|iPhoneSimulator.Build.0 = Debug|Any CPU
		{742F3B21-A68C-489A-A3AD-99CD6474DAE8}.AppStore|x64.ActiveCfg = Debug|Any CPU
		{742F3B21-A68C-489A-A3AD-99CD6474DAE8}.AppStore|x64.Build.0 = Debug|Any CPU
		{742F3B21-A68C-489A-A3AD-99CD6474DAE8}.AppStore|x86.ActiveCfg = Debug|Any CPU
		{742F3B21-A68C-489A-A3AD-99CD6474DAE8}.AppStore|x86.Build.0 = Debug|Any CPU
		{742F3B21-A68C-489A-A3AD-99CD6474DAE8}.Debug|Any CPU.ActiveCfg = Debug|Any CPU
		{742F3B21-A68C-489A-A3AD-99CD6474DAE8}.Debug|Any CPU.Build.0 = Debug|Any CPU
		{742F3B21-A68C-489A-A3AD-99CD6474DAE8}.Debug|ARM.ActiveCfg = Debug|Any CPU
		{742F3B21-A68C-489A-A3AD-99CD6474DAE8}.Debug|ARM.Build.0 = Debug|Any CPU
		{742F3B21-A68C-489A-A3AD-99CD6474DAE8}.Debug|iPhone.ActiveCfg = Debug|Any CPU
		{742F3B21-A68C-489A-A3AD-99CD6474DAE8}.Debug|iPhone.Build.0 = Debug|Any CPU
		{742F3B21-A68C-489A-A3AD-99CD6474DAE8}.Debug|iPhoneSimulator.ActiveCfg = Debug|Any CPU
		{742F3B21-A68C-489A-A3AD-99CD6474DAE8}.Debug|iPhoneSimulator.Build.0 = Debug|Any CPU
		{742F3B21-A68C-489A-A3AD-99CD6474DAE8}.Debug|x64.ActiveCfg = Debug|Any CPU
		{742F3B21-A68C-489A-A3AD-99CD6474DAE8}.Debug|x64.Build.0 = Debug|Any CPU
		{742F3B21-A68C-489A-A3AD-99CD6474DAE8}.Debug|x86.ActiveCfg = Debug|Any CPU
		{742F3B21-A68C-489A-A3AD-99CD6474DAE8}.Debug|x86.Build.0 = Debug|Any CPU
		{742F3B21-A68C-489A-A3AD-99CD6474DAE8}.Release|Any CPU.ActiveCfg = Release|Any CPU
		{742F3B21-A68C-489A-A3AD-99CD6474DAE8}.Release|Any CPU.Build.0 = Release|Any CPU
		{742F3B21-A68C-489A-A3AD-99CD6474DAE8}.Release|ARM.ActiveCfg = Release|Any CPU
		{742F3B21-A68C-489A-A3AD-99CD6474DAE8}.Release|ARM.Build.0 = Release|Any CPU
		{742F3B21-A68C-489A-A3AD-99CD6474DAE8}.Release|iPhone.ActiveCfg = Release|Any CPU
		{742F3B21-A68C-489A-A3AD-99CD6474DAE8}.Release|iPhone.Build.0 = Release|Any CPU
		{742F3B21-A68C-489A-A3AD-99CD6474DAE8}.Release|iPhoneSimulator.ActiveCfg = Release|Any CPU
		{742F3B21-A68C-489A-A3AD-99CD6474DAE8}.Release|iPhoneSimulator.Build.0 = Release|Any CPU
		{742F3B21-A68C-489A-A3AD-99CD6474DAE8}.Release|x64.ActiveCfg = Release|Any CPU
		{742F3B21-A68C-489A-A3AD-99CD6474DAE8}.Release|x64.Build.0 = Release|Any CPU
		{742F3B21-A68C-489A-A3AD-99CD6474DAE8}.Release|x86.ActiveCfg = Release|Any CPU
		{742F3B21-A68C-489A-A3AD-99CD6474DAE8}.Release|x86.Build.0 = Release|Any CPU
	EndGlobalSection
	GlobalSection(SolutionProperties) = preSolution
		HideSolutionNode = FALSE
	EndGlobalSection
	GlobalSection(ExtensibilityGlobals) = postSolution
		SolutionGuid = {DCDD4ACF-B22B-4EC8-819B-4CA622FFA449}
	EndGlobalSection
EndGlobal
