
Microsoft Visual Studio Solution File, Format Version 12.00
# Visual Studio 15
VisualStudioVersion = 15.0.27703.2000
MinimumVisualStudioVersion = 10.0.40219.1
Project("{FAE04EC0-301F-11D3-BF4B-00C04F79EFBC}") = "ReactiveUI.Forms.Android", "src\Droid\ReactiveUI.Droid.csproj", "{742F3B21-A68C-489A-A3AD-99CD6474DAE8}"
EndProject
Project("{FAE04EC0-301F-11D3-BF4B-00C04F79EFBC}") = "ReactiveUI.Forms.iOS", "src\iOS\ReactiveUI.iOS.csproj", "{BAC06BBF-DB3A-4936-A919-7F5738CB25DA}"
EndProject
Project("{FAE04EC0-301F-11D3-BF4B-00C04F79EFBC}") = "ReactiveUI.Forms.UWP", "src\UWP\ReactiveUI.UWP.csproj", "{42433A87-A7C1-4A8D-B161-999686FB91ED}"
EndProject
Project("{FAE04EC0-301F-11D3-BF4B-00C04F79EFBC}") = "ReactiveUI.Forms", "src\Forms\ReactiveUI.Forms.csproj", "{3324EAAC-51A5-423D-A972-9F4135A9046C}"
EndProject
Global
	GlobalSection(SolutionConfigurationPlatforms) = preSolution
		Ad-Hoc|Any CPU = Ad-Hoc|Any CPU
		Ad-Hoc|ARM = Ad-Hoc|ARM
		Ad-Hoc|iPhone = Ad-Hoc|iPhone
		Ad-Hoc|iPhoneSimulator = Ad-Hoc|iPhoneSimulator
		Ad-Hoc|x64 = Ad-Hoc|x64
		Ad-Hoc|x86 = Ad-Hoc|x86
		AppStore|Any CPU = AppStore|Any CPU
		AppStore|ARM = AppStore|ARM
		AppStore|iPhone = AppStore|iPhone
		AppStore|iPhoneSimulator = AppStore|iPhoneSimulator
		AppStore|x64 = AppStore|x64
		AppStore|x86 = AppStore|x86
		Debug|Any CPU = Debug|Any CPU
		Debug|ARM = Debug|ARM
		Debug|iPhone = Debug|iPhone
		Debug|iPhoneSimulator = Debug|iPhoneSimulator
		Debug|x64 = Debug|x64
		Debug|x86 = Debug|x86
		Release|Any CPU = Release|Any CPU
		Release|ARM = Release|ARM
		Release|iPhone = Release|iPhone
		Release|iPhoneSimulator = Release|iPhoneSimulator
		Release|x64 = Release|x64
		Release|x86 = Release|x86
	EndGlobalSection
	GlobalSection(ProjectConfigurationPlatforms) = postSolution
		{742F3B21-A68C-489A-A3AD-99CD6474DAE8}.Ad-Hoc|Any CPU.ActiveCfg = Release|Any CPU
		{742F3B21-A68C-489A-A3AD-99CD6474DAE8}.Ad-Hoc|Any CPU.Build.0 = Release|Any CPU
		{742F3B21-A68C-489A-A3AD-99CD6474DAE8}.Ad-Hoc|Any CPU.Deploy.0 = Release|Any CPU
		{742F3B21-A68C-489A-A3AD-99CD6474DAE8}.Ad-Hoc|ARM.ActiveCfg = Release|Any CPU
		{742F3B21-A68C-489A-A3AD-99CD6474DAE8}.Ad-Hoc|ARM.Build.0 = Release|Any CPU
		{742F3B21-A68C-489A-A3AD-99CD6474DAE8}.Ad-Hoc|ARM.Deploy.0 = Release|Any CPU
		{742F3B21-A68C-489A-A3AD-99CD6474DAE8}.Ad-Hoc|iPhone.ActiveCfg = Release|Any CPU
		{742F3B21-A68C-489A-A3AD-99CD6474DAE8}.Ad-Hoc|iPhone.Build.0 = Release|Any CPU
		{742F3B21-A68C-489A-A3AD-99CD6474DAE8}.Ad-Hoc|iPhone.Deploy.0 = Release|Any CPU
		{742F3B21-A68C-489A-A3AD-99CD6474DAE8}.Ad-Hoc|iPhoneSimulator.ActiveCfg = Release|Any CPU
		{742F3B21-A68C-489A-A3AD-99CD6474DAE8}.Ad-Hoc|iPhoneSimulator.Build.0 = Release|Any CPU
		{742F3B21-A68C-489A-A3AD-99CD6474DAE8}.Ad-Hoc|iPhoneSimulator.Deploy.0 = Release|Any CPU
		{742F3B21-A68C-489A-A3AD-99CD6474DAE8}.Ad-Hoc|x64.ActiveCfg = Release|Any CPU
		{742F3B21-A68C-489A-A3AD-99CD6474DAE8}.Ad-Hoc|x64.Build.0 = Release|Any CPU
		{742F3B21-A68C-489A-A3AD-99CD6474DAE8}.Ad-Hoc|x64.Deploy.0 = Release|Any CPU
		{742F3B21-A68C-489A-A3AD-99CD6474DAE8}.Ad-Hoc|x86.ActiveCfg = Release|Any CPU
		{742F3B21-A68C-489A-A3AD-99CD6474DAE8}.Ad-Hoc|x86.Build.0 = Release|Any CPU
		{742F3B21-A68C-489A-A3AD-99CD6474DAE8}.Ad-Hoc|x86.Deploy.0 = Release|Any CPU
		{742F3B21-A68C-489A-A3AD-99CD6474DAE8}.AppStore|Any CPU.ActiveCfg = Release|Any CPU
		{742F3B21-A68C-489A-A3AD-99CD6474DAE8}.AppStore|Any CPU.Build.0 = Release|Any CPU
		{742F3B21-A68C-489A-A3AD-99CD6474DAE8}.AppStore|Any CPU.Deploy.0 = Release|Any CPU
		{742F3B21-A68C-489A-A3AD-99CD6474DAE8}.AppStore|ARM.ActiveCfg = Release|Any CPU
		{742F3B21-A68C-489A-A3AD-99CD6474DAE8}.AppStore|ARM.Build.0 = Release|Any CPU
		{742F3B21-A68C-489A-A3AD-99CD6474DAE8}.AppStore|ARM.Deploy.0 = Release|Any CPU
		{742F3B21-A68C-489A-A3AD-99CD6474DAE8}.AppStore|iPhone.ActiveCfg = Release|Any CPU
		{742F3B21-A68C-489A-A3AD-99CD6474DAE8}.AppStore|iPhone.Build.0 = Release|Any CPU
		{742F3B21-A68C-489A-A3AD-99CD6474DAE8}.AppStore|iPhone.Deploy.0 = Release|Any CPU
		{742F3B21-A68C-489A-A3AD-99CD6474DAE8}.AppStore|iPhoneSimulator.ActiveCfg = Release|Any CPU
		{742F3B21-A68C-489A-A3AD-99CD6474DAE8}.AppStore|iPhoneSimulator.Build.0 = Release|Any CPU
		{742F3B21-A68C-489A-A3AD-99CD6474DAE8}.AppStore|iPhoneSimulator.Deploy.0 = Release|Any CPU
		{742F3B21-A68C-489A-A3AD-99CD6474DAE8}.AppStore|x64.ActiveCfg = Release|Any CPU
		{742F3B21-A68C-489A-A3AD-99CD6474DAE8}.AppStore|x64.Build.0 = Release|Any CPU
		{742F3B21-A68C-489A-A3AD-99CD6474DAE8}.AppStore|x64.Deploy.0 = Release|Any CPU
		{742F3B21-A68C-489A-A3AD-99CD6474DAE8}.AppStore|x86.ActiveCfg = Release|Any CPU
		{742F3B21-A68C-489A-A3AD-99CD6474DAE8}.AppStore|x86.Build.0 = Release|Any CPU
		{742F3B21-A68C-489A-A3AD-99CD6474DAE8}.AppStore|x86.Deploy.0 = Release|Any CPU
		{742F3B21-A68C-489A-A3AD-99CD6474DAE8}.Debug|Any CPU.ActiveCfg = Debug|Any CPU
		{742F3B21-A68C-489A-A3AD-99CD6474DAE8}.Debug|Any CPU.Build.0 = Debug|Any CPU
		{742F3B21-A68C-489A-A3AD-99CD6474DAE8}.Debug|Any CPU.Deploy.0 = Debug|Any CPU
		{742F3B21-A68C-489A-A3AD-99CD6474DAE8}.Debug|ARM.ActiveCfg = Debug|Any CPU
		{742F3B21-A68C-489A-A3AD-99CD6474DAE8}.Debug|ARM.Build.0 = Debug|Any CPU
		{742F3B21-A68C-489A-A3AD-99CD6474DAE8}.Debug|ARM.Deploy.0 = Debug|Any CPU
		{742F3B21-A68C-489A-A3AD-99CD6474DAE8}.Debug|iPhone.ActiveCfg = Debug|Any CPU
		{742F3B21-A68C-489A-A3AD-99CD6474DAE8}.Debug|iPhone.Build.0 = Debug|Any CPU
		{742F3B21-A68C-489A-A3AD-99CD6474DAE8}.Debug|iPhone.Deploy.0 = Debug|Any CPU
		{742F3B21-A68C-489A-A3AD-99CD6474DAE8}.Debug|iPhoneSimulator.ActiveCfg = Debug|Any CPU
		{742F3B21-A68C-489A-A3AD-99CD6474DAE8}.Debug|iPhoneSimulator.Build.0 = Debug|Any CPU
		{742F3B21-A68C-489A-A3AD-99CD6474DAE8}.Debug|iPhoneSimulator.Deploy.0 = Debug|Any CPU
		{742F3B21-A68C-489A-A3AD-99CD6474DAE8}.Debug|x64.ActiveCfg = Debug|Any CPU
		{742F3B21-A68C-489A-A3AD-99CD6474DAE8}.Debug|x64.Build.0 = Debug|Any CPU
		{742F3B21-A68C-489A-A3AD-99CD6474DAE8}.Debug|x64.Deploy.0 = Debug|Any CPU
		{742F3B21-A68C-489A-A3AD-99CD6474DAE8}.Debug|x86.ActiveCfg = Debug|Any CPU
		{742F3B21-A68C-489A-A3AD-99CD6474DAE8}.Debug|x86.Build.0 = Debug|Any CPU
		{742F3B21-A68C-489A-A3AD-99CD6474DAE8}.Debug|x86.Deploy.0 = Debug|Any CPU
		{742F3B21-A68C-489A-A3AD-99CD6474DAE8}.Release|Any CPU.ActiveCfg = Release|Any CPU
		{742F3B21-A68C-489A-A3AD-99CD6474DAE8}.Release|Any CPU.Build.0 = Release|Any CPU
		{742F3B21-A68C-489A-A3AD-99CD6474DAE8}.Release|Any CPU.Deploy.0 = Release|Any CPU
		{742F3B21-A68C-489A-A3AD-99CD6474DAE8}.Release|ARM.ActiveCfg = Release|Any CPU
		{742F3B21-A68C-489A-A3AD-99CD6474DAE8}.Release|ARM.Build.0 = Release|Any CPU
		{742F3B21-A68C-489A-A3AD-99CD6474DAE8}.Release|ARM.Deploy.0 = Release|Any CPU
		{742F3B21-A68C-489A-A3AD-99CD6474DAE8}.Release|iPhone.ActiveCfg = Release|Any CPU
		{742F3B21-A68C-489A-A3AD-99CD6474DAE8}.Release|iPhone.Build.0 = Release|Any CPU
		{742F3B21-A68C-489A-A3AD-99CD6474DAE8}.Release|iPhone.Deploy.0 = Release|Any CPU
		{742F3B21-A68C-489A-A3AD-99CD6474DAE8}.Release|iPhoneSimulator.ActiveCfg = Release|Any CPU
		{742F3B21-A68C-489A-A3AD-99CD6474DAE8}.Release|iPhoneSimulator.Build.0 = Release|Any CPU
		{742F3B21-A68C-489A-A3AD-99CD6474DAE8}.Release|iPhoneSimulator.Deploy.0 = Release|Any CPU
		{742F3B21-A68C-489A-A3AD-99CD6474DAE8}.Release|x64.ActiveCfg = Release|Any CPU
		{742F3B21-A68C-489A-A3AD-99CD6474DAE8}.Release|x64.Build.0 = Release|Any CPU
		{742F3B21-A68C-489A-A3AD-99CD6474DAE8}.Release|x64.Deploy.0 = Release|Any CPU
		{742F3B21-A68C-489A-A3AD-99CD6474DAE8}.Release|x86.ActiveCfg = Release|Any CPU
		{742F3B21-A68C-489A-A3AD-99CD6474DAE8}.Release|x86.Build.0 = Release|Any CPU
		{742F3B21-A68C-489A-A3AD-99CD6474DAE8}.Release|x86.Deploy.0 = Release|Any CPU
		{BAC06BBF-DB3A-4936-A919-7F5738CB25DA}.Ad-Hoc|Any CPU.ActiveCfg = Ad-Hoc|iPhone
		{BAC06BBF-DB3A-4936-A919-7F5738CB25DA}.Ad-Hoc|Any CPU.Build.0 = Ad-Hoc|iPhone
		{BAC06BBF-DB3A-4936-A919-7F5738CB25DA}.Ad-Hoc|Any CPU.Deploy.0 = Ad-Hoc|iPhone
		{BAC06BBF-DB3A-4936-A919-7F5738CB25DA}.Ad-Hoc|ARM.ActiveCfg = Ad-Hoc|iPhone
		{BAC06BBF-DB3A-4936-A919-7F5738CB25DA}.Ad-Hoc|ARM.Build.0 = Ad-Hoc|iPhone
		{BAC06BBF-DB3A-4936-A919-7F5738CB25DA}.Ad-Hoc|ARM.Deploy.0 = Ad-Hoc|iPhone
		{BAC06BBF-DB3A-4936-A919-7F5738CB25DA}.Ad-Hoc|iPhone.ActiveCfg = Ad-Hoc|iPhone
		{BAC06BBF-DB3A-4936-A919-7F5738CB25DA}.Ad-Hoc|iPhone.Build.0 = Ad-Hoc|iPhone
		{BAC06BBF-DB3A-4936-A919-7F5738CB25DA}.Ad-Hoc|iPhone.Deploy.0 = Ad-Hoc|iPhone
		{BAC06BBF-DB3A-4936-A919-7F5738CB25DA}.Ad-Hoc|iPhoneSimulator.ActiveCfg = Ad-Hoc|iPhoneSimulator
		{BAC06BBF-DB3A-4936-A919-7F5738CB25DA}.Ad-Hoc|iPhoneSimulator.Build.0 = Ad-Hoc|iPhoneSimulator
		{BAC06BBF-DB3A-4936-A919-7F5738CB25DA}.Ad-Hoc|iPhoneSimulator.Deploy.0 = Ad-Hoc|iPhoneSimulator
		{BAC06BBF-DB3A-4936-A919-7F5738CB25DA}.Ad-Hoc|x64.ActiveCfg = Ad-Hoc|iPhone
		{BAC06BBF-DB3A-4936-A919-7F5738CB25DA}.Ad-Hoc|x64.Build.0 = Ad-Hoc|iPhone
		{BAC06BBF-DB3A-4936-A919-7F5738CB25DA}.Ad-Hoc|x64.Deploy.0 = Ad-Hoc|iPhone
		{BAC06BBF-DB3A-4936-A919-7F5738CB25DA}.Ad-Hoc|x86.ActiveCfg = Ad-Hoc|iPhone
		{BAC06BBF-DB3A-4936-A919-7F5738CB25DA}.Ad-Hoc|x86.Build.0 = Ad-Hoc|iPhone
		{BAC06BBF-DB3A-4936-A919-7F5738CB25DA}.Ad-Hoc|x86.Deploy.0 = Ad-Hoc|iPhone
		{BAC06BBF-DB3A-4936-A919-7F5738CB25DA}.AppStore|Any CPU.ActiveCfg = AppStore|iPhone
		{BAC06BBF-DB3A-4936-A919-7F5738CB25DA}.AppStore|Any CPU.Build.0 = AppStore|iPhone
		{BAC06BBF-DB3A-4936-A919-7F5738CB25DA}.AppStore|Any CPU.Deploy.0 = AppStore|iPhone
		{BAC06BBF-DB3A-4936-A919-7F5738CB25DA}.AppStore|ARM.ActiveCfg = AppStore|iPhone
		{BAC06BBF-DB3A-4936-A919-7F5738CB25DA}.AppStore|ARM.Build.0 = AppStore|iPhone
		{BAC06BBF-DB3A-4936-A919-7F5738CB25DA}.AppStore|ARM.Deploy.0 = AppStore|iPhone
		{BAC06BBF-DB3A-4936-A919-7F5738CB25DA}.AppStore|iPhone.ActiveCfg = AppStore|iPhone
		{BAC06BBF-DB3A-4936-A919-7F5738CB25DA}.AppStore|iPhone.Build.0 = AppStore|iPhone
		{BAC06BBF-DB3A-4936-A919-7F5738CB25DA}.AppStore|iPhone.Deploy.0 = AppStore|iPhone
		{BAC06BBF-DB3A-4936-A919-7F5738CB25DA}.AppStore|iPhoneSimulator.ActiveCfg = AppStore|iPhoneSimulator
		{BAC06BBF-DB3A-4936-A919-7F5738CB25DA}.AppStore|iPhoneSimulator.Build.0 = AppStore|iPhoneSimulator
		{BAC06BBF-DB3A-4936-A919-7F5738CB25DA}.AppStore|iPhoneSimulator.Deploy.0 = AppStore|iPhoneSimulator
		{BAC06BBF-DB3A-4936-A919-7F5738CB25DA}.AppStore|x64.ActiveCfg = AppStore|iPhone
		{BAC06BBF-DB3A-4936-A919-7F5738CB25DA}.AppStore|x64.Build.0 = AppStore|iPhone
		{BAC06BBF-DB3A-4936-A919-7F5738CB25DA}.AppStore|x64.Deploy.0 = AppStore|iPhone
		{BAC06BBF-DB3A-4936-A919-7F5738CB25DA}.AppStore|x86.ActiveCfg = AppStore|iPhone
		{BAC06BBF-DB3A-4936-A919-7F5738CB25DA}.AppStore|x86.Build.0 = AppStore|iPhone
		{BAC06BBF-DB3A-4936-A919-7F5738CB25DA}.AppStore|x86.Deploy.0 = AppStore|iPhone
		{BAC06BBF-DB3A-4936-A919-7F5738CB25DA}.Debug|Any CPU.ActiveCfg = Debug|iPhoneSimulator
		{BAC06BBF-DB3A-4936-A919-7F5738CB25DA}.Debug|Any CPU.Build.0 = Debug|iPhoneSimulator
		{BAC06BBF-DB3A-4936-A919-7F5738CB25DA}.Debug|Any CPU.Deploy.0 = Debug|iPhoneSimulator
		{BAC06BBF-DB3A-4936-A919-7F5738CB25DA}.Debug|ARM.ActiveCfg = Debug|iPhone
		{BAC06BBF-DB3A-4936-A919-7F5738CB25DA}.Debug|ARM.Build.0 = Debug|iPhone
		{BAC06BBF-DB3A-4936-A919-7F5738CB25DA}.Debug|ARM.Deploy.0 = Debug|iPhone
		{BAC06BBF-DB3A-4936-A919-7F5738CB25DA}.Debug|iPhone.ActiveCfg = Debug|iPhone
		{BAC06BBF-DB3A-4936-A919-7F5738CB25DA}.Debug|iPhone.Build.0 = Debug|iPhone
		{BAC06BBF-DB3A-4936-A919-7F5738CB25DA}.Debug|iPhone.Deploy.0 = Debug|iPhone
		{BAC06BBF-DB3A-4936-A919-7F5738CB25DA}.Debug|iPhoneSimulator.ActiveCfg = Debug|iPhoneSimulator
		{BAC06BBF-DB3A-4936-A919-7F5738CB25DA}.Debug|iPhoneSimulator.Build.0 = Debug|iPhoneSimulator
		{BAC06BBF-DB3A-4936-A919-7F5738CB25DA}.Debug|iPhoneSimulator.Deploy.0 = Debug|iPhoneSimulator
		{BAC06BBF-DB3A-4936-A919-7F5738CB25DA}.Debug|x64.ActiveCfg = Debug|iPhone
		{BAC06BBF-DB3A-4936-A919-7F5738CB25DA}.Debug|x64.Build.0 = Debug|iPhone
		{BAC06BBF-DB3A-4936-A919-7F5738CB25DA}.Debug|x64.Deploy.0 = Debug|iPhone
		{BAC06BBF-DB3A-4936-A919-7F5738CB25DA}.Debug|x86.ActiveCfg = Debug|iPhone
		{BAC06BBF-DB3A-4936-A919-7F5738CB25DA}.Debug|x86.Build.0 = Debug|iPhone
		{BAC06BBF-DB3A-4936-A919-7F5738CB25DA}.Debug|x86.Deploy.0 = Debug|iPhone
		{BAC06BBF-DB3A-4936-A919-7F5738CB25DA}.Release|Any CPU.ActiveCfg = Release|iPhone
		{BAC06BBF-DB3A-4936-A919-7F5738CB25DA}.Release|Any CPU.Build.0 = Release|iPhone
		{BAC06BBF-DB3A-4936-A919-7F5738CB25DA}.Release|Any CPU.Deploy.0 = Release|iPhone
		{BAC06BBF-DB3A-4936-A919-7F5738CB25DA}.Release|ARM.ActiveCfg = Release|iPhone
		{BAC06BBF-DB3A-4936-A919-7F5738CB25DA}.Release|ARM.Build.0 = Release|iPhone
		{BAC06BBF-DB3A-4936-A919-7F5738CB25DA}.Release|ARM.Deploy.0 = Release|iPhone
		{BAC06BBF-DB3A-4936-A919-7F5738CB25DA}.Release|iPhone.ActiveCfg = Release|iPhone
		{BAC06BBF-DB3A-4936-A919-7F5738CB25DA}.Release|iPhone.Build.0 = Release|iPhone
		{BAC06BBF-DB3A-4936-A919-7F5738CB25DA}.Release|iPhone.Deploy.0 = Release|iPhone
		{BAC06BBF-DB3A-4936-A919-7F5738CB25DA}.Release|iPhoneSimulator.ActiveCfg = Release|iPhoneSimulator
		{BAC06BBF-DB3A-4936-A919-7F5738CB25DA}.Release|iPhoneSimulator.Build.0 = Release|iPhoneSimulator
		{BAC06BBF-DB3A-4936-A919-7F5738CB25DA}.Release|iPhoneSimulator.Deploy.0 = Release|iPhoneSimulator
		{BAC06BBF-DB3A-4936-A919-7F5738CB25DA}.Release|x64.ActiveCfg = Release|iPhone
		{BAC06BBF-DB3A-4936-A919-7F5738CB25DA}.Release|x64.Build.0 = Release|iPhone
		{BAC06BBF-DB3A-4936-A919-7F5738CB25DA}.Release|x64.Deploy.0 = Release|iPhone
		{BAC06BBF-DB3A-4936-A919-7F5738CB25DA}.Release|x86.ActiveCfg = Release|iPhone
		{BAC06BBF-DB3A-4936-A919-7F5738CB25DA}.Release|x86.Build.0 = Release|iPhone
		{BAC06BBF-DB3A-4936-A919-7F5738CB25DA}.Release|x86.Deploy.0 = Release|iPhone
		{42433A87-A7C1-4A8D-B161-999686FB91ED}.Ad-Hoc|Any CPU.ActiveCfg = Release|x86
		{42433A87-A7C1-4A8D-B161-999686FB91ED}.Ad-Hoc|Any CPU.Build.0 = Release|x86
		{42433A87-A7C1-4A8D-B161-999686FB91ED}.Ad-Hoc|Any CPU.Deploy.0 = Release|x86
		{42433A87-A7C1-4A8D-B161-999686FB91ED}.Ad-Hoc|ARM.ActiveCfg = Release|ARM
		{42433A87-A7C1-4A8D-B161-999686FB91ED}.Ad-Hoc|ARM.Build.0 = Release|ARM
		{42433A87-A7C1-4A8D-B161-999686FB91ED}.Ad-Hoc|ARM.Deploy.0 = Release|ARM
		{42433A87-A7C1-4A8D-B161-999686FB91ED}.Ad-Hoc|iPhone.ActiveCfg = Release|x86
		{42433A87-A7C1-4A8D-B161-999686FB91ED}.Ad-Hoc|iPhone.Build.0 = Release|x86
		{42433A87-A7C1-4A8D-B161-999686FB91ED}.Ad-Hoc|iPhone.Deploy.0 = Release|x86
		{42433A87-A7C1-4A8D-B161-999686FB91ED}.Ad-Hoc|iPhoneSimulator.ActiveCfg = Release|x86
		{42433A87-A7C1-4A8D-B161-999686FB91ED}.Ad-Hoc|iPhoneSimulator.Build.0 = Release|x86
		{42433A87-A7C1-4A8D-B161-999686FB91ED}.Ad-Hoc|iPhoneSimulator.Deploy.0 = Release|x86
		{42433A87-A7C1-4A8D-B161-999686FB91ED}.Ad-Hoc|x64.ActiveCfg = Release|x64
		{42433A87-A7C1-4A8D-B161-999686FB91ED}.Ad-Hoc|x64.Build.0 = Release|x64
		{42433A87-A7C1-4A8D-B161-999686FB91ED}.Ad-Hoc|x64.Deploy.0 = Release|x64
		{42433A87-A7C1-4A8D-B161-999686FB91ED}.Ad-Hoc|x86.ActiveCfg = Release|x86
		{42433A87-A7C1-4A8D-B161-999686FB91ED}.Ad-Hoc|x86.Build.0 = Release|x86
		{42433A87-A7C1-4A8D-B161-999686FB91ED}.Ad-Hoc|x86.Deploy.0 = Release|x86
		{42433A87-A7C1-4A8D-B161-999686FB91ED}.AppStore|Any CPU.ActiveCfg = Release|x86
		{42433A87-A7C1-4A8D-B161-999686FB91ED}.AppStore|Any CPU.Build.0 = Release|x86
		{42433A87-A7C1-4A8D-B161-999686FB91ED}.AppStore|Any CPU.Deploy.0 = Release|x86
		{42433A87-A7C1-4A8D-B161-999686FB91ED}.AppStore|ARM.ActiveCfg = Release|ARM
		{42433A87-A7C1-4A8D-B161-999686FB91ED}.AppStore|ARM.Build.0 = Release|ARM
		{42433A87-A7C1-4A8D-B161-999686FB91ED}.AppStore|ARM.Deploy.0 = Release|ARM
		{42433A87-A7C1-4A8D-B161-999686FB91ED}.AppStore|iPhone.ActiveCfg = Release|x86
		{42433A87-A7C1-4A8D-B161-999686FB91ED}.AppStore|iPhone.Build.0 = Release|x86
		{42433A87-A7C1-4A8D-B161-999686FB91ED}.AppStore|iPhone.Deploy.0 = Release|x86
		{42433A87-A7C1-4A8D-B161-999686FB91ED}.AppStore|iPhoneSimulator.ActiveCfg = Release|x86
		{42433A87-A7C1-4A8D-B161-999686FB91ED}.AppStore|iPhoneSimulator.Build.0 = Release|x86
		{42433A87-A7C1-4A8D-B161-999686FB91ED}.AppStore|iPhoneSimulator.Deploy.0 = Release|x86
		{42433A87-A7C1-4A8D-B161-999686FB91ED}.AppStore|x64.ActiveCfg = Release|x64
		{42433A87-A7C1-4A8D-B161-999686FB91ED}.AppStore|x64.Build.0 = Release|x64
		{42433A87-A7C1-4A8D-B161-999686FB91ED}.AppStore|x64.Deploy.0 = Release|x64
		{42433A87-A7C1-4A8D-B161-999686FB91ED}.AppStore|x86.ActiveCfg = Release|x86
		{42433A87-A7C1-4A8D-B161-999686FB91ED}.AppStore|x86.Build.0 = Release|x86
		{42433A87-A7C1-4A8D-B161-999686FB91ED}.AppStore|x86.Deploy.0 = Release|x86
		{42433A87-A7C1-4A8D-B161-999686FB91ED}.Debug|Any CPU.ActiveCfg = Debug|x86
		{42433A87-A7C1-4A8D-B161-999686FB91ED}.Debug|Any CPU.Build.0 = Debug|x86
		{42433A87-A7C1-4A8D-B161-999686FB91ED}.Debug|Any CPU.Deploy.0 = Debug|x86
		{42433A87-A7C1-4A8D-B161-999686FB91ED}.Debug|ARM.ActiveCfg = Debug|ARM
		{42433A87-A7C1-4A8D-B161-999686FB91ED}.Debug|ARM.Build.0 = Debug|ARM
		{42433A87-A7C1-4A8D-B161-999686FB91ED}.Debug|ARM.Deploy.0 = Debug|ARM
		{42433A87-A7C1-4A8D-B161-999686FB91ED}.Debug|iPhone.ActiveCfg = Debug|x86
		{42433A87-A7C1-4A8D-B161-999686FB91ED}.Debug|iPhone.Build.0 = Debug|x86
		{42433A87-A7C1-4A8D-B161-999686FB91ED}.Debug|iPhone.Deploy.0 = Debug|x86
		{42433A87-A7C1-4A8D-B161-999686FB91ED}.Debug|iPhoneSimulator.ActiveCfg = Debug|x86
		{42433A87-A7C1-4A8D-B161-999686FB91ED}.Debug|iPhoneSimulator.Build.0 = Debug|x86
		{42433A87-A7C1-4A8D-B161-999686FB91ED}.Debug|iPhoneSimulator.Deploy.0 = Debug|x86
		{42433A87-A7C1-4A8D-B161-999686FB91ED}.Debug|x64.ActiveCfg = Debug|x64
		{42433A87-A7C1-4A8D-B161-999686FB91ED}.Debug|x64.Build.0 = Debug|x64
		{42433A87-A7C1-4A8D-B161-999686FB91ED}.Debug|x64.Deploy.0 = Debug|x64
		{42433A87-A7C1-4A8D-B161-999686FB91ED}.Debug|x86.ActiveCfg = Debug|x86
		{42433A87-A7C1-4A8D-B161-999686FB91ED}.Debug|x86.Build.0 = Debug|x86
		{42433A87-A7C1-4A8D-B161-999686FB91ED}.Debug|x86.Deploy.0 = Debug|x86
		{42433A87-A7C1-4A8D-B161-999686FB91ED}.Release|Any CPU.ActiveCfg = Release|x86
		{42433A87-A7C1-4A8D-B161-999686FB91ED}.Release|Any CPU.Build.0 = Release|x86
		{42433A87-A7C1-4A8D-B161-999686FB91ED}.Release|Any CPU.Deploy.0 = Release|x86
		{42433A87-A7C1-4A8D-B161-999686FB91ED}.Release|ARM.ActiveCfg = Release|ARM
		{42433A87-A7C1-4A8D-B161-999686FB91ED}.Release|ARM.Build.0 = Release|ARM
		{42433A87-A7C1-4A8D-B161-999686FB91ED}.Release|ARM.Deploy.0 = Release|ARM
		{42433A87-A7C1-4A8D-B161-999686FB91ED}.Release|iPhone.ActiveCfg = Release|x86
		{42433A87-A7C1-4A8D-B161-999686FB91ED}.Release|iPhone.Build.0 = Release|x86
		{42433A87-A7C1-4A8D-B161-999686FB91ED}.Release|iPhone.Deploy.0 = Release|x86
		{42433A87-A7C1-4A8D-B161-999686FB91ED}.Release|iPhoneSimulator.ActiveCfg = Release|x86
		{42433A87-A7C1-4A8D-B161-999686FB91ED}.Release|iPhoneSimulator.Build.0 = Release|x86
		{42433A87-A7C1-4A8D-B161-999686FB91ED}.Release|iPhoneSimulator.Deploy.0 = Release|x86
		{42433A87-A7C1-4A8D-B161-999686FB91ED}.Release|x64.ActiveCfg = Release|x64
		{42433A87-A7C1-4A8D-B161-999686FB91ED}.Release|x64.Build.0 = Release|x64
		{42433A87-A7C1-4A8D-B161-999686FB91ED}.Release|x64.Deploy.0 = Release|x64
		{42433A87-A7C1-4A8D-B161-999686FB91ED}.Release|x86.ActiveCfg = Release|x86
		{42433A87-A7C1-4A8D-B161-999686FB91ED}.Release|x86.Build.0 = Release|x86
		{42433A87-A7C1-4A8D-B161-999686FB91ED}.Release|x86.Deploy.0 = Release|x86
		{3324EAAC-51A5-423D-A972-9F4135A9046C}.Ad-Hoc|Any CPU.ActiveCfg = Debug|Any CPU
		{3324EAAC-51A5-423D-A972-9F4135A9046C}.Ad-Hoc|Any CPU.Build.0 = Debug|Any CPU
		{3324EAAC-51A5-423D-A972-9F4135A9046C}.Ad-Hoc|Any CPU.Deploy.0 = Debug|Any CPU
		{3324EAAC-51A5-423D-A972-9F4135A9046C}.Ad-Hoc|ARM.ActiveCfg = Debug|Any CPU
		{3324EAAC-51A5-423D-A972-9F4135A9046C}.Ad-Hoc|ARM.Build.0 = Debug|Any CPU
		{3324EAAC-51A5-423D-A972-9F4135A9046C}.Ad-Hoc|ARM.Deploy.0 = Debug|Any CPU
		{3324EAAC-51A5-423D-A972-9F4135A9046C}.Ad-Hoc|iPhone.ActiveCfg = Debug|Any CPU
		{3324EAAC-51A5-423D-A972-9F4135A9046C}.Ad-Hoc|iPhone.Build.0 = Debug|Any CPU
		{3324EAAC-51A5-423D-A972-9F4135A9046C}.Ad-Hoc|iPhone.Deploy.0 = Debug|Any CPU
		{3324EAAC-51A5-423D-A972-9F4135A9046C}.Ad-Hoc|iPhoneSimulator.ActiveCfg = Debug|Any CPU
		{3324EAAC-51A5-423D-A972-9F4135A9046C}.Ad-Hoc|iPhoneSimulator.Build.0 = Debug|Any CPU
		{3324EAAC-51A5-423D-A972-9F4135A9046C}.Ad-Hoc|iPhoneSimulator.Deploy.0 = Debug|Any CPU
		{3324EAAC-51A5-423D-A972-9F4135A9046C}.Ad-Hoc|x64.ActiveCfg = Debug|Any CPU
		{3324EAAC-51A5-423D-A972-9F4135A9046C}.Ad-Hoc|x64.Build.0 = Debug|Any CPU
		{3324EAAC-51A5-423D-A972-9F4135A9046C}.Ad-Hoc|x64.Deploy.0 = Debug|Any CPU
		{3324EAAC-51A5-423D-A972-9F4135A9046C}.Ad-Hoc|x86.ActiveCfg = Debug|Any CPU
		{3324EAAC-51A5-423D-A972-9F4135A9046C}.Ad-Hoc|x86.Build.0 = Debug|Any CPU
		{3324EAAC-51A5-423D-A972-9F4135A9046C}.Ad-Hoc|x86.Deploy.0 = Debug|Any CPU
		{3324EAAC-51A5-423D-A972-9F4135A9046C}.AppStore|Any CPU.ActiveCfg = Debug|Any CPU
		{3324EAAC-51A5-423D-A972-9F4135A9046C}.AppStore|Any CPU.Build.0 = Debug|Any CPU
		{3324EAAC-51A5-423D-A972-9F4135A9046C}.AppStore|Any CPU.Deploy.0 = Debug|Any CPU
		{3324EAAC-51A5-423D-A972-9F4135A9046C}.AppStore|ARM.ActiveCfg = Debug|Any CPU
		{3324EAAC-51A5-423D-A972-9F4135A9046C}.AppStore|ARM.Build.0 = Debug|Any CPU
		{3324EAAC-51A5-423D-A972-9F4135A9046C}.AppStore|ARM.Deploy.0 = Debug|Any CPU
		{3324EAAC-51A5-423D-A972-9F4135A9046C}.AppStore|iPhone.ActiveCfg = Debug|Any CPU
		{3324EAAC-51A5-423D-A972-9F4135A9046C}.AppStore|iPhone.Build.0 = Debug|Any CPU
		{3324EAAC-51A5-423D-A972-9F4135A9046C}.AppStore|iPhone.Deploy.0 = Debug|Any CPU
		{3324EAAC-51A5-423D-A972-9F4135A9046C}.AppStore|iPhoneSimulator.ActiveCfg = Debug|Any CPU
		{3324EAAC-51A5-423D-A972-9F4135A9046C}.AppStore|iPhoneSimulator.Build.0 = Debug|Any CPU
		{3324EAAC-51A5-423D-A972-9F4135A9046C}.AppStore|iPhoneSimulator.Deploy.0 = Debug|Any CPU
		{3324EAAC-51A5-423D-A972-9F4135A9046C}.AppStore|x64.ActiveCfg = Debug|Any CPU
		{3324EAAC-51A5-423D-A972-9F4135A9046C}.AppStore|x64.Build.0 = Debug|Any CPU
		{3324EAAC-51A5-423D-A972-9F4135A9046C}.AppStore|x64.Deploy.0 = Debug|Any CPU
		{3324EAAC-51A5-423D-A972-9F4135A9046C}.AppStore|x86.ActiveCfg = Debug|Any CPU
		{3324EAAC-51A5-423D-A972-9F4135A9046C}.AppStore|x86.Build.0 = Debug|Any CPU
		{3324EAAC-51A5-423D-A972-9F4135A9046C}.AppStore|x86.Deploy.0 = Debug|Any CPU
		{3324EAAC-51A5-423D-A972-9F4135A9046C}.Debug|Any CPU.ActiveCfg = Debug|Any CPU
		{3324EAAC-51A5-423D-A972-9F4135A9046C}.Debug|Any CPU.Build.0 = Debug|Any CPU
		{3324EAAC-51A5-423D-A972-9F4135A9046C}.Debug|Any CPU.Deploy.0 = Debug|Any CPU
		{3324EAAC-51A5-423D-A972-9F4135A9046C}.Debug|ARM.ActiveCfg = Debug|Any CPU
		{3324EAAC-51A5-423D-A972-9F4135A9046C}.Debug|ARM.Build.0 = Debug|Any CPU
		{3324EAAC-51A5-423D-A972-9F4135A9046C}.Debug|ARM.Deploy.0 = Debug|Any CPU
		{3324EAAC-51A5-423D-A972-9F4135A9046C}.Debug|iPhone.ActiveCfg = Debug|Any CPU
		{3324EAAC-51A5-423D-A972-9F4135A9046C}.Debug|iPhone.Build.0 = Debug|Any CPU
		{3324EAAC-51A5-423D-A972-9F4135A9046C}.Debug|iPhone.Deploy.0 = Debug|Any CPU
		{3324EAAC-51A5-423D-A972-9F4135A9046C}.Debug|iPhoneSimulator.ActiveCfg = Debug|Any CPU
		{3324EAAC-51A5-423D-A972-9F4135A9046C}.Debug|iPhoneSimulator.Build.0 = Debug|Any CPU
		{3324EAAC-51A5-423D-A972-9F4135A9046C}.Debug|iPhoneSimulator.Deploy.0 = Debug|Any CPU
		{3324EAAC-51A5-423D-A972-9F4135A9046C}.Debug|x64.ActiveCfg = Debug|Any CPU
		{3324EAAC-51A5-423D-A972-9F4135A9046C}.Debug|x64.Build.0 = Debug|Any CPU
		{3324EAAC-51A5-423D-A972-9F4135A9046C}.Debug|x64.Deploy.0 = Debug|Any CPU
		{3324EAAC-51A5-423D-A972-9F4135A9046C}.Debug|x86.ActiveCfg = Debug|Any CPU
		{3324EAAC-51A5-423D-A972-9F4135A9046C}.Debug|x86.Build.0 = Debug|Any CPU
		{3324EAAC-51A5-423D-A972-9F4135A9046C}.Debug|x86.Deploy.0 = Debug|Any CPU
		{3324EAAC-51A5-423D-A972-9F4135A9046C}.Release|Any CPU.ActiveCfg = Release|Any CPU
		{3324EAAC-51A5-423D-A972-9F4135A9046C}.Release|Any CPU.Build.0 = Release|Any CPU
		{3324EAAC-51A5-423D-A972-9F4135A9046C}.Release|Any CPU.Deploy.0 = Release|Any CPU
		{3324EAAC-51A5-423D-A972-9F4135A9046C}.Release|ARM.ActiveCfg = Release|Any CPU
		{3324EAAC-51A5-423D-A972-9F4135A9046C}.Release|ARM.Build.0 = Release|Any CPU
		{3324EAAC-51A5-423D-A972-9F4135A9046C}.Release|ARM.Deploy.0 = Release|Any CPU
		{3324EAAC-51A5-423D-A972-9F4135A9046C}.Release|iPhone.ActiveCfg = Release|Any CPU
		{3324EAAC-51A5-423D-A972-9F4135A9046C}.Release|iPhone.Build.0 = Release|Any CPU
		{3324EAAC-51A5-423D-A972-9F4135A9046C}.Release|iPhone.Deploy.0 = Release|Any CPU
		{3324EAAC-51A5-423D-A972-9F4135A9046C}.Release|iPhoneSimulator.ActiveCfg = Release|Any CPU
		{3324EAAC-51A5-423D-A972-9F4135A9046C}.Release|iPhoneSimulator.Build.0 = Release|Any CPU
		{3324EAAC-51A5-423D-A972-9F4135A9046C}.Release|iPhoneSimulator.Deploy.0 = Release|Any CPU
		{3324EAAC-51A5-423D-A972-9F4135A9046C}.Release|x64.ActiveCfg = Release|Any CPU
		{3324EAAC-51A5-423D-A972-9F4135A9046C}.Release|x64.Build.0 = Release|Any CPU
		{3324EAAC-51A5-423D-A972-9F4135A9046C}.Release|x64.Deploy.0 = Release|Any CPU
		{3324EAAC-51A5-423D-A972-9F4135A9046C}.Release|x86.ActiveCfg = Release|Any CPU
		{3324EAAC-51A5-423D-A972-9F4135A9046C}.Release|x86.Build.0 = Release|Any CPU
		{3324EAAC-51A5-423D-A972-9F4135A9046C}.Release|x86.Deploy.0 = Release|Any CPU
	EndGlobalSection
	GlobalSection(SolutionProperties) = preSolution
		HideSolutionNode = FALSE
	EndGlobalSection
	GlobalSection(ExtensibilityGlobals) = postSolution
		SolutionGuid = {DCDD4ACF-B22B-4EC8-819B-4CA622FFA449}
	EndGlobalSection
EndGlobal
